// !$*UTF8*$!
{
	archiveVersion = 1;
	classes = {
	};
	objectVersion = 55;
	objects = {

/* Begin PBXBuildFile section */
		99E9EEB3271B25140088337C /* AppDelegate.swift in Sources */ = {isa = PBXBuildFile; fileRef = 99E9EEB2271B25140088337C /* AppDelegate.swift */; };
		99E9EEB5271B25140088337C /* SceneDelegate.swift in Sources */ = {isa = PBXBuildFile; fileRef = 99E9EEB4271B25140088337C /* SceneDelegate.swift */; };
		99E9EEB7271B25140088337C /* ViewController.swift in Sources */ = {isa = PBXBuildFile; fileRef = 99E9EEB6271B25140088337C /* ViewController.swift */; };
		99E9EEBA271B25140088337C /* Main.storyboard in Resources */ = {isa = PBXBuildFile; fileRef = 99E9EEB8271B25140088337C /* Main.storyboard */; };
		99E9EEBD271B25150088337C /* CurrencyConverterApp.xcdatamodeld in Sources */ = {isa = PBXBuildFile; fileRef = 99E9EEBB271B25150088337C /* CurrencyConverterApp.xcdatamodeld */; };
		99E9EEBF271B25160088337C /* Assets.xcassets in Resources */ = {isa = PBXBuildFile; fileRef = 99E9EEBE271B25160088337C /* Assets.xcassets */; };
		99E9EEC2271B25160088337C /* LaunchScreen.storyboard in Resources */ = {isa = PBXBuildFile; fileRef = 99E9EEC0271B25160088337C /* LaunchScreen.storyboard */; };
		99E9EECD271B25160088337C /* CurrencyConverterAppTests.swift in Sources */ = {isa = PBXBuildFile; fileRef = 99E9EECC271B25160088337C /* CurrencyConverterAppTests.swift */; };
		99E9EED7271B25160088337C /* CurrencyConverterAppUITests.swift in Sources */ = {isa = PBXBuildFile; fileRef = 99E9EED6271B25160088337C /* CurrencyConverterAppUITests.swift */; };
		99E9EED9271B25160088337C /* CurrencyConverterAppUITestsLaunchTests.swift in Sources */ = {isa = PBXBuildFile; fileRef = 99E9EED8271B25160088337C /* CurrencyConverterAppUITestsLaunchTests.swift */; };
/* End PBXBuildFile section */

/* Begin PBXContainerItemProxy section */
		99E9EEC9271B25160088337C /* PBXContainerItemProxy */ = {
			isa = PBXContainerItemProxy;
			containerPortal = 99E9EEA7271B25140088337C /* Project object */;
			proxyType = 1;
			remoteGlobalIDString = 99E9EEAE271B25140088337C;
			remoteInfo = CurrencyConverterApp;
		};
		99E9EED3271B25160088337C /* PBXContainerItemProxy */ = {
			isa = PBXContainerItemProxy;
			containerPortal = 99E9EEA7271B25140088337C /* Project object */;
			proxyType = 1;
			remoteGlobalIDString = 99E9EEAE271B25140088337C;
			remoteInfo = CurrencyConverterApp;
		};
/* End PBXContainerItemProxy section */

/* Begin PBXFileReference section */
		99E9EEAF271B25140088337C /* CurrencyConverterApp.app */ = {isa = PBXFileReference; explicitFileType = wrapper.application; includeInIndex = 0; path = CurrencyConverterApp.app; sourceTree = BUILT_PRODUCTS_DIR; };
		99E9EEB2271B25140088337C /* AppDelegate.swift */ = {isa = PBXFileReference; lastKnownFileType = sourcecode.swift; path = AppDelegate.swift; sourceTree = "<group>"; };
		99E9EEB4271B25140088337C /* SceneDelegate.swift */ = {isa = PBXFileReference; lastKnownFileType = sourcecode.swift; path = SceneDelegate.swift; sourceTree = "<group>"; };
		99E9EEB6271B25140088337C /* ViewController.swift */ = {isa = PBXFileReference; lastKnownFileType = sourcecode.swift; path = ViewController.swift; sourceTree = "<group>"; };
		99E9EEB9271B25140088337C /* Base */ = {isa = PBXFileReference; lastKnownFileType = file.storyboard; name = Base; path = Base.lproj/Main.storyboard; sourceTree = "<group>"; };
		99E9EEBC271B25150088337C /* CurrencyConverterApp.xcdatamodel */ = {isa = PBXFileReference; lastKnownFileType = wrapper.xcdatamodel; path = CurrencyConverterApp.xcdatamodel; sourceTree = "<group>"; };
		99E9EEBE271B25160088337C /* Assets.xcassets */ = {isa = PBXFileReference; lastKnownFileType = folder.assetcatalog; path = Assets.xcassets; sourceTree = "<group>"; };
		99E9EEC1271B25160088337C /* Base */ = {isa = PBXFileReference; lastKnownFileType = file.storyboard; name = Base; path = Base.lproj/LaunchScreen.storyboard; sourceTree = "<group>"; };
		99E9EEC3271B25160088337C /* Info.plist */ = {isa = PBXFileReference; lastKnownFileType = text.plist.xml; path = Info.plist; sourceTree = "<group>"; };
		99E9EEC8271B25160088337C /* CurrencyConverterAppTests.xctest */ = {isa = PBXFileReference; explicitFileType = wrapper.cfbundle; includeInIndex = 0; path = CurrencyConverterAppTests.xctest; sourceTree = BUILT_PRODUCTS_DIR; };
		99E9EECC271B25160088337C /* CurrencyConverterAppTests.swift */ = {isa = PBXFileReference; lastKnownFileType = sourcecode.swift; path = CurrencyConverterAppTests.swift; sourceTree = "<group>"; };
		99E9EED2271B25160088337C /* CurrencyConverterAppUITests.xctest */ = {isa = PBXFileReference; explicitFileType = wrapper.cfbundle; includeInIndex = 0; path = CurrencyConverterAppUITests.xctest; sourceTree = BUILT_PRODUCTS_DIR; };
		99E9EED6271B25160088337C /* CurrencyConverterAppUITests.swift */ = {isa = PBXFileReference; lastKnownFileType = sourcecode.swift; path = CurrencyConverterAppUITests.swift; sourceTree = "<group>"; };
		99E9EED8271B25160088337C /* CurrencyConverterAppUITestsLaunchTests.swift */ = {isa = PBXFileReference; lastKnownFileType = sourcecode.swift; path = CurrencyConverterAppUITestsLaunchTests.swift; sourceTree = "<group>"; };
/* End PBXFileReference section */

/* Begin PBXFrameworksBuildPhase section */
		99E9EEAC271B25140088337C /* Frameworks */ = {
			isa = PBXFrameworksBuildPhase;
			buildActionMask = 2147483647;
			files = (
			);
			runOnlyForDeploymentPostprocessing = 0;
		};
		99E9EEC5271B25160088337C /* Frameworks */ = {
			isa = PBXFrameworksBuildPhase;
			buildActionMask = 2147483647;
			files = (
			);
			runOnlyForDeploymentPostprocessing = 0;
		};
		99E9EECF271B25160088337C /* Frameworks */ = {
			isa = PBXFrameworksBuildPhase;
			buildActionMask = 2147483647;
			files = (
			);
			runOnlyForDeploymentPostprocessing = 0;
		};
/* End PBXFrameworksBuildPhase section */

/* Begin PBXGroup section */
		99E9EEA6271B25140088337C = {
			isa = PBXGroup;
			children = (
				99E9EEB1271B25140088337C /* CurrencyConverterApp */,
				99E9EECB271B25160088337C /* CurrencyConverterAppTests */,
				99E9EED5271B25160088337C /* CurrencyConverterAppUITests */,
				99E9EEB0271B25140088337C /* Products */,
			);
			sourceTree = "<group>";
		};
		99E9EEB0271B25140088337C /* Products */ = {
			isa = PBXGroup;
			children = (
				99E9EEAF271B25140088337C /* CurrencyConverterApp.app */,
				99E9EEC8271B25160088337C /* CurrencyConverterAppTests.xctest */,
				99E9EED2271B25160088337C /* CurrencyConverterAppUITests.xctest */,
			);
			name = Products;
			sourceTree = "<group>";
		};
		99E9EEB1271B25140088337C /* CurrencyConverterApp */ = {
			isa = PBXGroup;
			children = (
				99E9EEB2271B25140088337C /* AppDelegate.swift */,
				99E9EEB4271B25140088337C /* SceneDelegate.swift */,
				99E9EEB6271B25140088337C /* ViewController.swift */,
				99E9EEB8271B25140088337C /* Main.storyboard */,
				99E9EEBE271B25160088337C /* Assets.xcassets */,
				99E9EEC0271B25160088337C /* LaunchScreen.storyboard */,
				99E9EEC3271B25160088337C /* Info.plist */,
				99E9EEBB271B25150088337C /* CurrencyConverterApp.xcdatamodeld */,
			);
			path = CurrencyConverterApp;
			sourceTree = "<group>";
		};
		99E9EECB271B25160088337C /* CurrencyConverterAppTests */ = {
			isa = PBXGroup;
			children = (
				99E9EECC271B25160088337C /* CurrencyConverterAppTests.swift */,
			);
			path = CurrencyConverterAppTests;
			sourceTree = "<group>";
		};
		99E9EED5271B25160088337C /* CurrencyConverterAppUITests */ = {
			isa = PBXGroup;
			children = (
				99E9EED6271B25160088337C /* CurrencyConverterAppUITests.swift */,
				99E9EED8271B25160088337C /* CurrencyConverterAppUITestsLaunchTests.swift */,
			);
			path = CurrencyConverterAppUITests;
			sourceTree = "<group>";
		};
/* End PBXGroup section */

/* Begin PBXNativeTarget section */
		99E9EEAE271B25140088337C /* CurrencyConverterApp */ = {
			isa = PBXNativeTarget;
			buildConfigurationList = 99E9EEDC271B25160088337C /* Build configuration list for PBXNativeTarget "CurrencyConverterApp" */;
			buildPhases = (
				99E9EEAB271B25140088337C /* Sources */,
				99E9EEAC271B25140088337C /* Frameworks */,
				99E9EEAD271B25140088337C /* Resources */,
			);
			buildRules = (
			);
			dependencies = (
			);
			name = CurrencyConverterApp;
			productName = CurrencyConverterApp;
			productReference = 99E9EEAF271B25140088337C /* CurrencyConverterApp.app */;
			productType = "com.apple.product-type.application";
		};
		99E9EEC7271B25160088337C /* CurrencyConverterAppTests */ = {
			isa = PBXNativeTarget;
			buildConfigurationList = 99E9EEDF271B25160088337C /* Build configuration list for PBXNativeTarget "CurrencyConverterAppTests" */;
			buildPhases = (
				99E9EEC4271B25160088337C /* Sources */,
				99E9EEC5271B25160088337C /* Frameworks */,
				99E9EEC6271B25160088337C /* Resources */,
			);
			buildRules = (
			);
			dependencies = (
				99E9EECA271B25160088337C /* PBXTargetDependency */,
			);
			name = CurrencyConverterAppTests;
			productName = CurrencyConverterAppTests;
			productReference = 99E9EEC8271B25160088337C /* CurrencyConverterAppTests.xctest */;
			productType = "com.apple.product-type.bundle.unit-test";
		};
		99E9EED1271B25160088337C /* CurrencyConverterAppUITests */ = {
			isa = PBXNativeTarget;
			buildConfigurationList = 99E9EEE2271B25160088337C /* Build configuration list for PBXNativeTarget "CurrencyConverterAppUITests" */;
			buildPhases = (
				99E9EECE271B25160088337C /* Sources */,
				99E9EECF271B25160088337C /* Frameworks */,
				99E9EED0271B25160088337C /* Resources */,
			);
			buildRules = (
			);
			dependencies = (
				99E9EED4271B25160088337C /* PBXTargetDependency */,
			);
			name = CurrencyConverterAppUITests;
			productName = CurrencyConverterAppUITests;
			productReference = 99E9EED2271B25160088337C /* CurrencyConverterAppUITests.xctest */;
			productType = "com.apple.product-type.bundle.ui-testing";
		};
/* End PBXNativeTarget section */

/* Begin PBXProject section */
		99E9EEA7271B25140088337C /* Project object */ = {
			isa = PBXProject;
			attributes = {
				BuildIndependentTargetsInParallel = 1;
				LastSwiftUpdateCheck = 1300;
				LastUpgradeCheck = 1300;
				TargetAttributes = {
					99E9EEAE271B25140088337C = {
						CreatedOnToolsVersion = 13.0;
					};
					99E9EEC7271B25160088337C = {
						CreatedOnToolsVersion = 13.0;
						TestTargetID = 99E9EEAE271B25140088337C;
					};
					99E9EED1271B25160088337C = {
						CreatedOnToolsVersion = 13.0;
						TestTargetID = 99E9EEAE271B25140088337C;
					};
				};
			};
			buildConfigurationList = 99E9EEAA271B25140088337C /* Build configuration list for PBXProject "CurrencyConverterApp" */;
			compatibilityVersion = "Xcode 13.0";
			developmentRegion = en;
			hasScannedForEncodings = 0;
			knownRegions = (
				en,
				Base,
			);
			mainGroup = 99E9EEA6271B25140088337C;
			productRefGroup = 99E9EEB0271B25140088337C /* Products */;
			projectDirPath = "";
			projectRoot = "";
			targets = (
				99E9EEAE271B25140088337C /* CurrencyConverterApp */,
				99E9EEC7271B25160088337C /* CurrencyConverterAppTests */,
				99E9EED1271B25160088337C /* CurrencyConverterAppUITests */,
			);
		};
/* End PBXProject section */

/* Begin PBXResourcesBuildPhase section */
		99E9EEAD271B25140088337C /* Resources */ = {
			isa = PBXResourcesBuildPhase;
			buildActionMask = 2147483647;
			files = (
				99E9EEC2271B25160088337C /* LaunchScreen.storyboard in Resources */,
				99E9EEBF271B25160088337C /* Assets.xcassets in Resources */,
				99E9EEBA271B25140088337C /* Main.storyboard in Resources */,
			);
			runOnlyForDeploymentPostprocessing = 0;
		};
		99E9EEC6271B25160088337C /* Resources */ = {
			isa = PBXResourcesBuildPhase;
			buildActionMask = 2147483647;
			files = (
			);
			runOnlyForDeploymentPostprocessing = 0;
		};
		99E9EED0271B25160088337C /* Resources */ = {
			isa = PBXResourcesBuildPhase;
			buildActionMask = 2147483647;
			files = (
			);
			runOnlyForDeploymentPostprocessing = 0;
		};
/* End PBXResourcesBuildPhase section */

/* Begin PBXSourcesBuildPhase section */
		99E9EEAB271B25140088337C /* Sources */ = {
			isa = PBXSourcesBuildPhase;
			buildActionMask = 2147483647;
			files = (
				99E9EEB7271B25140088337C /* ViewController.swift in Sources */,
				99E9EEB3271B25140088337C /* AppDelegate.swift in Sources */,
				99E9EEB5271B25140088337C /* SceneDelegate.swift in Sources */,
				99E9EEBD271B25150088337C /* CurrencyConverterApp.xcdatamodeld in Sources */,
			);
			runOnlyForDeploymentPostprocessing = 0;
		};
		99E9EEC4271B25160088337C /* Sources */ = {
			isa = PBXSourcesBuildPhase;
			buildActionMask = 2147483647;
			files = (
				99E9EECD271B25160088337C /* CurrencyConverterAppTests.swift in Sources */,
			);
			runOnlyForDeploymentPostprocessing = 0;
		};
		99E9EECE271B25160088337C /* Sources */ = {
			isa = PBXSourcesBuildPhase;
			buildActionMask = 2147483647;
			files = (
				99E9EED9271B25160088337C /* CurrencyConverterAppUITestsLaunchTests.swift in Sources */,
				99E9EED7271B25160088337C /* CurrencyConverterAppUITests.swift in Sources */,
			);
			runOnlyForDeploymentPostprocessing = 0;
		};
/* End PBXSourcesBuildPhase section */

/* Begin PBXTargetDependency section */
		99E9EECA271B25160088337C /* PBXTargetDependency */ = {
			isa = PBXTargetDependency;
			target = 99E9EEAE271B25140088337C /* CurrencyConverterApp */;
			targetProxy = 99E9EEC9271B25160088337C /* PBXContainerItemProxy */;
		};
		99E9EED4271B25160088337C /* PBXTargetDependency */ = {
			isa = PBXTargetDependency;
			target = 99E9EEAE271B25140088337C /* CurrencyConverterApp */;
			targetProxy = 99E9EED3271B25160088337C /* PBXContainerItemProxy */;
		};
/* End PBXTargetDependency section */

/* Begin PBXVariantGroup section */
		99E9EEB8271B25140088337C /* Main.storyboard */ = {
			isa = PBXVariantGroup;
			children = (
				99E9EEB9271B25140088337C /* Base */,
			);
			name = Main.storyboard;
			sourceTree = "<group>";
		};
		99E9EEC0271B25160088337C /* LaunchScreen.storyboard */ = {
			isa = PBXVariantGroup;
			children = (
				99E9EEC1271B25160088337C /* Base */,
			);
			name = LaunchScreen.storyboard;
			sourceTree = "<group>";
		};
/* End PBXVariantGroup section */

/* Begin XCBuildConfiguration section */
		99E9EEDA271B25160088337C /* Debug */ = {
			isa = XCBuildConfiguration;
			buildSettings = {
				ALWAYS_SEARCH_USER_PATHS = NO;
				CLANG_ANALYZER_NONNULL = YES;
				CLANG_ANALYZER_NUMBER_OBJECT_CONVERSION = YES_AGGRESSIVE;
				CLANG_CXX_LANGUAGE_STANDARD = "gnu++17";
				CLANG_CXX_LIBRARY = "libc++";
				CLANG_ENABLE_MODULES = YES;
				CLANG_ENABLE_OBJC_ARC = YES;
				CLANG_ENABLE_OBJC_WEAK = YES;
				CLANG_WARN_BLOCK_CAPTURE_AUTORELEASING = YES;
				CLANG_WARN_BOOL_CONVERSION = YES;
				CLANG_WARN_COMMA = YES;
				CLANG_WARN_CONSTANT_CONVERSION = YES;
				CLANG_WARN_DEPRECATED_OBJC_IMPLEMENTATIONS = YES;
				CLANG_WARN_DIRECT_OBJC_ISA_USAGE = YES_ERROR;
				CLANG_WARN_DOCUMENTATION_COMMENTS = YES;
				CLANG_WARN_EMPTY_BODY = YES;
				CLANG_WARN_ENUM_CONVERSION = YES;
				CLANG_WARN_INFINITE_RECURSION = YES;
				CLANG_WARN_INT_CONVERSION = YES;
				CLANG_WARN_NON_LITERAL_NULL_CONVERSION = YES;
				CLANG_WARN_OBJC_IMPLICIT_RETAIN_SELF = YES;
				CLANG_WARN_OBJC_LITERAL_CONVERSION = YES;
				CLANG_WARN_OBJC_ROOT_CLASS = YES_ERROR;
				CLANG_WARN_QUOTED_INCLUDE_IN_FRAMEWORK_HEADER = YES;
				CLANG_WARN_RANGE_LOOP_ANALYSIS = YES;
				CLANG_WARN_STRICT_PROTOTYPES = YES;
				CLANG_WARN_SUSPICIOUS_MOVE = YES;
				CLANG_WARN_UNGUARDED_AVAILABILITY = YES_AGGRESSIVE;
				CLANG_WARN_UNREACHABLE_CODE = YES;
				CLANG_WARN__DUPLICATE_METHOD_MATCH = YES;
				COPY_PHASE_STRIP = NO;
				DEBUG_INFORMATION_FORMAT = dwarf;
				ENABLE_STRICT_OBJC_MSGSEND = YES;
				ENABLE_TESTABILITY = YES;
				GCC_C_LANGUAGE_STANDARD = gnu11;
				GCC_DYNAMIC_NO_PIC = NO;
				GCC_NO_COMMON_BLOCKS = YES;
				GCC_OPTIMIZATION_LEVEL = 0;
				GCC_PREPROCESSOR_DEFINITIONS = (
					"DEBUG=1",
					"$(inherited)",
				);
				GCC_WARN_64_TO_32_BIT_CONVERSION = YES;
				GCC_WARN_ABOUT_RETURN_TYPE = YES_ERROR;
				GCC_WARN_UNDECLARED_SELECTOR = YES;
				GCC_WARN_UNINITIALIZED_AUTOS = YES_AGGRESSIVE;
				GCC_WARN_UNUSED_FUNCTION = YES;
				GCC_WARN_UNUSED_VARIABLE = YES;
				IPHONEOS_DEPLOYMENT_TARGET = 15.0;
				MTL_ENABLE_DEBUG_INFO = INCLUDE_SOURCE;
				MTL_FAST_MATH = YES;
				ONLY_ACTIVE_ARCH = YES;
				SDKROOT = iphoneos;
				SWIFT_ACTIVE_COMPILATION_CONDITIONS = DEBUG;
				SWIFT_OPTIMIZATION_LEVEL = "-Onone";
			};
			name = Debug;
		};
		99E9EEDB271B25160088337C /* Release */ = {
			isa = XCBuildConfiguration;
			buildSettings = {
				ALWAYS_SEARCH_USER_PATHS = NO;
				CLANG_ANALYZER_NONNULL = YES;
				CLANG_ANALYZER_NUMBER_OBJECT_CONVERSION = YES_AGGRESSIVE;
				CLANG_CXX_LANGUAGE_STANDARD = "gnu++17";
				CLANG_CXX_LIBRARY = "libc++";
				CLANG_ENABLE_MODULES = YES;
				CLANG_ENABLE_OBJC_ARC = YES;
				CLANG_ENABLE_OBJC_WEAK = YES;
				CLANG_WARN_BLOCK_CAPTURE_AUTORELEASING = YES;
				CLANG_WARN_BOOL_CONVERSION = YES;
				CLANG_WARN_COMMA = YES;
				CLANG_WARN_CONSTANT_CONVERSION = YES;
				CLANG_WARN_DEPRECATED_OBJC_IMPLEMENTATIONS = YES;
				CLANG_WARN_DIRECT_OBJC_ISA_USAGE = YES_ERROR;
				CLANG_WARN_DOCUMENTATION_COMMENTS = YES;
				CLANG_WARN_EMPTY_BODY = YES;
				CLANG_WARN_ENUM_CONVERSION = YES;
				CLANG_WARN_INFINITE_RECURSION = YES;
				CLANG_WARN_INT_CONVERSION = YES;
				CLANG_WARN_NON_LITERAL_NULL_CONVERSION = YES;
				CLANG_WARN_OBJC_IMPLICIT_RETAIN_SELF = YES;
				CLANG_WARN_OBJC_LITERAL_CONVERSION = YES;
				CLANG_WARN_OBJC_ROOT_CLASS = YES_ERROR;
				CLANG_WARN_QUOTED_INCLUDE_IN_FRAMEWORK_HEADER = YES;
				CLANG_WARN_RANGE_LOOP_ANALYSIS = YES;
				CLANG_WARN_STRICT_PROTOTYPES = YES;
				CLANG_WARN_SUSPICIOUS_MOVE = YES;
				CLANG_WARN_UNGUARDED_AVAILABILITY = YES_AGGRESSIVE;
				CLANG_WARN_UNREACHABLE_CODE = YES;
				CLANG_WARN__DUPLICATE_METHOD_MATCH = YES;
				COPY_PHASE_STRIP = NO;
				DEBUG_INFORMATION_FORMAT = "dwarf-with-dsym";
				ENABLE_NS_ASSERTIONS = NO;
				ENABLE_STRICT_OBJC_MSGSEND = YES;
				GCC_C_LANGUAGE_STANDARD = gnu11;
				GCC_NO_COMMON_BLOCKS = YES;
				GCC_WARN_64_TO_32_BIT_CONVERSION = YES;
				GCC_WARN_ABOUT_RETURN_TYPE = YES_ERROR;
				GCC_WARN_UNDECLARED_SELECTOR = YES;
				GCC_WARN_UNINITIALIZED_AUTOS = YES_AGGRESSIVE;
				GCC_WARN_UNUSED_FUNCTION = YES;
				GCC_WARN_UNUSED_VARIABLE = YES;
				IPHONEOS_DEPLOYMENT_TARGET = 15.0;
				MTL_ENABLE_DEBUG_INFO = NO;
				MTL_FAST_MATH = YES;
				SDKROOT = iphoneos;
				SWIFT_COMPILATION_MODE = wholemodule;
				SWIFT_OPTIMIZATION_LEVEL = "-O";
				VALIDATE_PRODUCT = YES;
			};
			name = Release;
		};
		99E9EEDD271B25160088337C /* Debug */ = {
			isa = XCBuildConfiguration;
			buildSettings = {
				ASSETCATALOG_COMPILER_APPICON_NAME = AppIcon;
				ASSETCATALOG_COMPILER_GLOBAL_ACCENT_COLOR_NAME = AccentColor;
				CODE_SIGN_STYLE = Automatic;
				CURRENT_PROJECT_VERSION = 1;
				DEVELOPMENT_TEAM = 9VAC7A679V;
				GENERATE_INFOPLIST_FILE = YES;
				INFOPLIST_FILE = CurrencyConverterApp/Info.plist;
				INFOPLIST_KEY_UIApplicationSupportsIndirectInputEvents = YES;
				INFOPLIST_KEY_UILaunchStoryboardName = LaunchScreen;
				INFOPLIST_KEY_UIMainStoryboardFile = Main;
				INFOPLIST_KEY_UISupportedInterfaceOrientations_iPad = "UIInterfaceOrientationPortrait UIInterfaceOrientationPortraitUpsideDown UIInterfaceOrientationLandscapeLeft UIInterfaceOrientationLandscapeRight";
				INFOPLIST_KEY_UISupportedInterfaceOrientations_iPhone = "UIInterfaceOrientationPortrait UIInterfaceOrientationLandscapeLeft UIInterfaceOrientationLandscapeRight";
				LD_RUNPATH_SEARCH_PATHS = (
					"$(inherited)",
					"@executable_path/Frameworks",
				);
				MARKETING_VERSION = 1.0;
				PRODUCT_BUNDLE_IDENTIFIER = com.omerkose.CurrencyConverterApp;
				PRODUCT_NAME = "$(TARGET_NAME)";
				SWIFT_EMIT_LOC_STRINGS = YES;
				SWIFT_VERSION = 5.0;
				TARGETED_DEVICE_FAMILY = "1,2";
			};
			name = Debug;
		};
		99E9EEDE271B25160088337C /* Release */ = {
			isa = XCBuildConfiguration;
			buildSettings = {
				ASSETCATALOG_COMPILER_APPICON_NAME = AppIcon;
				ASSETCATALOG_COMPILER_GLOBAL_ACCENT_COLOR_NAME = AccentColor;
				CODE_SIGN_STYLE = Automatic;
				CURRENT_PROJECT_VERSION = 1;
				DEVELOPMENT_TEAM = 9VAC7A679V;
				GENERATE_INFOPLIST_FILE = YES;
				INFOPLIST_FILE = CurrencyConverterApp/Info.plist;
				INFOPLIST_KEY_UIApplicationSupportsIndirectInputEvents = YES;
				INFOPLIST_KEY_UILaunchStoryboardName = LaunchScreen;
				INFOPLIST_KEY_UIMainStoryboardFile = Main;
				INFOPLIST_KEY_UISupportedInterfaceOrientations_iPad = "UIInterfaceOrientationPortrait UIInterfaceOrientationPortraitUpsideDown UIInterfaceOrientationLandscapeLeft UIInterfaceOrientationLandscapeRight";
				INFOPLIST_KEY_UISupportedInterfaceOrientations_iPhone = "UIInterfaceOrientationPortrait UIInterfaceOrientationLandscapeLeft UIInterfaceOrientationLandscapeRight";
				LD_RUNPATH_SEARCH_PATHS = (
					"$(inherited)",
					"@executable_path/Frameworks",
				);
				MARKETING_VERSION = 1.0;
				PRODUCT_BUNDLE_IDENTIFIER = com.omerkose.CurrencyConverterApp;
				PRODUCT_NAME = "$(TARGET_NAME)";
				SWIFT_EMIT_LOC_STRINGS = YES;
				SWIFT_VERSION = 5.0;
				TARGETED_DEVICE_FAMILY = "1,2";
			};
			name = Release;
		};
		99E9EEE0271B25160088337C /* Debug */ = {
			isa = XCBuildConfiguration;
			buildSettings = {
				ALWAYS_EMBED_SWIFT_STANDARD_LIBRARIES = YES;
				BUNDLE_LOADER = "$(TEST_HOST)";
				CODE_SIGN_STYLE = Automatic;
				CURRENT_PROJECT_VERSION = 1;
				DEVELOPMENT_TEAM = 9VAC7A679V;
				GENERATE_INFOPLIST_FILE = YES;
				IPHONEOS_DEPLOYMENT_TARGET = 15.0;
				LD_RUNPATH_SEARCH_PATHS = (
					"$(inherited)",
					"@executable_path/Frameworks",
					"@loader_path/Frameworks",
				);
				MARKETING_VERSION = 1.0;
				PRODUCT_BUNDLE_IDENTIFIER = com.omerkose.CurrencyConverterAppTests;
				PRODUCT_NAME = "$(TARGET_NAME)";
				SWIFT_EMIT_LOC_STRINGS = NO;
				SWIFT_VERSION = 5.0;
				TARGETED_DEVICE_FAMILY = "1,2";
				TEST_HOST = "$(BUILT_PRODUCTS_DIR)/CurrencyConverterApp.app/CurrencyConverterApp";
			};
			name = Debug;
		};
		99E9EEE1271B25160088337C /* Release */ = {
			isa = XCBuildConfiguration;
			buildSettings = {
				ALWAYS_EMBED_SWIFT_STANDARD_LIBRARIES = YES;
				BUNDLE_LOADER = "$(TEST_HOST)";
				CODE_SIGN_STYLE = Automatic;
				CURRENT_PROJECT_VERSION = 1;
				DEVELOPMENT_TEAM = 9VAC7A679V;
				GENERATE_INFOPLIST_FILE = YES;
				IPHONEOS_DEPLOYMENT_TARGET = 15.0;
				LD_RUNPATH_SEARCH_PATHS = (
					"$(inherited)",
					"@executable_path/Frameworks",
					"@loader_path/Frameworks",
				);
				MARKETING_VERSION = 1.0;
				PRODUCT_BUNDLE_IDENTIFIER = com.omerkose.CurrencyConverterAppTests;
				PRODUCT_NAME = "$(TARGET_NAME)";
				SWIFT_EMIT_LOC_STRINGS = NO;
				SWIFT_VERSION = 5.0;
				TARGETED_DEVICE_FAMILY = "1,2";
				TEST_HOST = "$(BUILT_PRODUCTS_DIR)/CurrencyConverterApp.app/CurrencyConverterApp";
			};
			name = Release;
		};
		99E9EEE3271B25160088337C /* Debug */ = {
			isa = XCBuildConfiguration;
			buildSettings = {
				ALWAYS_EMBED_SWIFT_STANDARD_LIBRARIES = YES;
				CODE_SIGN_STYLE = Automatic;
				CURRENT_PROJECT_VERSION = 1;
				DEVELOPMENT_TEAM = 9VAC7A679V;
				GENERATE_INFOPLIST_FILE = YES;
				LD_RUNPATH_SEARCH_PATHS = (
					"$(inherited)",
					"@executable_path/Frameworks",
					"@loader_path/Frameworks",
				);
				MARKETING_VERSION = 1.0;
				PRODUCT_BUNDLE_IDENTIFIER = com.omerkose.CurrencyConverterAppUITests;
				PRODUCT_NAME = "$(TARGET_NAME)";
				SWIFT_EMIT_LOC_STRINGS = NO;
				SWIFT_VERSION = 5.0;
				TARGETED_DEVICE_FAMILY = "1,2";
				TEST_TARGET_NAME = CurrencyConverterApp;
			};
			name = Debug;
		};
		99E9EEE4271B25160088337C /* Release */ = {
			isa = XCBuildConfiguration;
			buildSettings = {
				ALWAYS_EMBED_SWIFT_STANDARD_LIBRARIES = YES;
				CODE_SIGN_STYLE = Automatic;
				CURRENT_PROJECT_VERSION = 1;
				DEVELOPMENT_TEAM = 9VAC7A679V;
				GENERATE_INFOPLIST_FILE = YES;
				LD_RUNPATH_SEARCH_PATHS = (
					"$(inherited)",
					"@executable_path/Frameworks",
					"@loader_path/Frameworks",
				);
				MARKETING_VERSION = 1.0;
				PRODUCT_BUNDLE_IDENTIFIER = com.omerkose.CurrencyConverterAppUITests;
				PRODUCT_NAME = "$(TARGET_NAME)";
				SWIFT_EMIT_LOC_STRINGS = NO;
				SWIFT_VERSION = 5.0;
				TARGETED_DEVICE_FAMILY = "1,2";
				TEST_TARGET_NAME = CurrencyConverterApp;
			};
			name = Release;
		};
/* End XCBuildConfiguration section */

/* Begin XCConfigurationList section */
		99E9EEAA271B25140088337C /* Build configuration list for PBXProject "CurrencyConverterApp" */ = {
			isa = XCConfigurationList;
			buildConfigurations = (
				99E9EEDA271B25160088337C /* Debug */,
				99E9EEDB271B25160088337C /* Release */,
			);
			defaultConfigurationIsVisible = 0;
			defaultConfigurationName = Release;
		};
		99E9EEDC271B25160088337C /* Build configuration list for PBXNativeTarget "CurrencyConverterApp" */ = {
			isa = XCConfigurationList;
			buildConfigurations = (
				99E9EEDD271B25160088337C /* Debug */,
				99E9EEDE271B25160088337C /* Release */,
			);
			defaultConfigurationIsVisible = 0;
			defaultConfigurationName = Release;
		};
		99E9EEDF271B25160088337C /* Build configuration list for PBXNativeTarget "CurrencyConverterAppTests" */ = {
			isa = XCConfigurationList;
			buildConfigurations = (
				99E9EEE0271B25160088337C /* Debug */,
				99E9EEE1271B25160088337C /* Release */,
			);
			defaultConfigurationIsVisible = 0;
			defaultConfigurationName = Release;
		};
		99E9EEE2271B25160088337C /* Build configuration list for PBXNativeTarget "CurrencyConverterAppUITests" */ = {
			isa = XCConfigurationList;
			buildConfigurations = (
				99E9EEE3271B25160088337C /* Debug */,
				99E9EEE4271B25160088337C /* Release */,
			);
			defaultConfigurationIsVisible = 0;
			defaultConfigurationName = Release;
		};
/* End XCConfigurationList section */

/* Begin XCVersionGroup section */
		99E9EEBB271B25150088337C /* CurrencyConverterApp.xcdatamodeld */ = {
			isa = XCVersionGroup;
			children = (
				99E9EEBC271B25150088337C /* CurrencyConverterApp.xcdatamodel */,
			);
			currentVersion = 99E9EEBC271B25150088337C /* CurrencyConverterApp.xcdatamodel */;
			path = CurrencyConverterApp.xcdatamodeld;
			sourceTree = "<group>";
			versionGroupType = wrapper.xcdatamodel;
		};
/* End XCVersionGroup section */
	};
	rootObject = 99E9EEA7271B25140088337C /* Project object */;
}
